
Microsoft Visual Studio Solution File, Format Version 12.00
# Visual Studio Version 16
VisualStudioVersion = 16.0.33529.622
MinimumVisualStudioVersion = 10.0.40219.1
Project("{FAE04EC0-301F-11D3-BF4B-00C04F79EFBC}") = "begin1", "begin1\begin1.csproj", "{2CCD9960-1365-4737-BF09-5745A6286242}"
EndProject
Global
	GlobalSection(SolutionConfigurationPlatforms) = preSolution
		Debug|Any CPU = Debug|Any CPU
		Release|Any CPU = Release|Any CPU
	EndGlobalSection
	GlobalSection(ProjectConfigurationPlatforms) = postSolution
		{2CCD9960-1365-4737-BF09-5745A6286242}.Debug|Any CPU.ActiveCfg = Debug|Any CPU
		{2CCD9960-1365-4737-BF09-5745A6286242}.Debug|Any CPU.Build.0 = Debug|Any CPU
		{2CCD9960-1365-4737-BF09-5745A6286242}.Release|Any CPU.ActiveCfg = Release|Any CPU
		{2CCD9960-1365-4737-BF09-5745A6286242}.Release|Any CPU.Build.0 = Release|Any CPU
	EndGlobalSection
	GlobalSection(SolutionProperties) = preSolution
		HideSolutionNode = FALSE
	EndGlobalSection
	GlobalSection(ExtensibilityGlobals) = postSolution
		SolutionGuid = {BFA26FCD-4DD0-4796-970B-69F9DB767D1A}
	EndGlobalSection
EndGlobal
